
Microsoft Visual Studio Solution File, Format Version 12.00
# Visual Studio Version 17
VisualStudioVersion = 17.14.36623.8 d17.14
MinimumVisualStudioVersion = 10.0.40219.1
Project("{FAE04EC0-301F-11D3-BF4B-00C04F79EFBC}") = "TestMVC", "TestMVC\TestMVC.csproj", "{D0C28DE1-93D4-4A4B-A58F-F9A2B264C1C2}"
EndProject
Global
	GlobalSection(SolutionConfigurationPlatforms) = preSolution
		Debug|Any CPU = Debug|Any CPU
		Release|Any CPU = Release|Any CPU
	EndGlobalSection
	GlobalSection(ProjectConfigurationPlatforms) = postSolution
		{D0C28DE1-93D4-4A4B-A58F-F9A2B264C1C2}.Debug|Any CPU.ActiveCfg = Debug|Any CPU
		{D0C28DE1-93D4-4A4B-A58F-F9A2B264C1C2}.Debug|Any CPU.Build.0 = Debug|Any CPU
		{D0C28DE1-93D4-4A4B-A58F-F9A2B264C1C2}.Release|Any CPU.ActiveCfg = Release|Any CPU
		{D0C28DE1-93D4-4A4B-A58F-F9A2B264C1C2}.Release|Any CPU.Build.0 = Release|Any CPU
	EndGlobalSection
	GlobalSection(SolutionProperties) = preSolution
		HideSolutionNode = FALSE
	EndGlobalSection
	GlobalSection(ExtensibilityGlobals) = postSolution
		SolutionGuid = {81751C1E-FA53-4BBC-9F99-E6BCF914C26B}
	EndGlobalSection
EndGlobal
